
Microsoft Visual Studio Solution File, Format Version 12.00
# Visual Studio Version 16
VisualStudioVersion = 25.0.1704.0
MinimumVisualStudioVersion = 10.0.40219.1
Project("{FAE04EC0-301F-11D3-BF4B-00C04F79EFBC}") = "core.Api", "core.Api\core.Api.csproj", "{CA7A160D-E662-4D5D-8EB5-5752C5A13AA1}"
EndProject
Global
	GlobalSection(SolutionConfigurationPlatforms) = preSolution
		Debug|Any CPU = Debug|Any CPU
		Release|Any CPU = Release|Any CPU
	EndGlobalSection
	GlobalSection(ProjectConfigurationPlatforms) = postSolution
		{CA7A160D-E662-4D5D-8EB5-5752C5A13AA1}.Debug|Any CPU.ActiveCfg = Debug|Any CPU
		{CA7A160D-E662-4D5D-8EB5-5752C5A13AA1}.Debug|Any CPU.Build.0 = Debug|Any CPU
		{CA7A160D-E662-4D5D-8EB5-5752C5A13AA1}.Release|Any CPU.ActiveCfg = Release|Any CPU
		{CA7A160D-E662-4D5D-8EB5-5752C5A13AA1}.Release|Any CPU.Build.0 = Release|Any CPU
	EndGlobalSection
	GlobalSection(SolutionProperties) = preSolution
		HideSolutionNode = FALSE
	EndGlobalSection
	GlobalSection(ExtensibilityGlobals) = postSolution
		SolutionGuid = {DD3D683F-C77E-42F2-982A-0EFEC9C83836}
	EndGlobalSection
EndGlobal
